
Microsoft Visual Studio Solution File, Format Version 12.00
# Visual Studio Version 17
VisualStudioVersion = 17.4.33213.308
MinimumVisualStudioVersion = 10.0.40219.1
Project("{FAE04EC0-301F-11D3-BF4B-00C04F79EFBC}") = "WindowsFormsApp2", "WindowsFormsApp2\WindowsFormsApp2.csproj", "{7C9A7C7B-C80A-4649-B5F8-00399B595239}"
EndProject
Global
	GlobalSection(SolutionConfigurationPlatforms) = preSolution
		Debug|Any CPU = Debug|Any CPU
		Release|Any CPU = Release|Any CPU
	EndGlobalSection
	GlobalSection(ProjectConfigurationPlatforms) = postSolution
		{7C9A7C7B-C80A-4649-B5F8-00399B595239}.Debug|Any CPU.ActiveCfg = Debug|Any CPU
		{7C9A7C7B-C80A-4649-B5F8-00399B595239}.Debug|Any CPU.Build.0 = Debug|Any CPU
		{7C9A7C7B-C80A-4649-B5F8-00399B595239}.Release|Any CPU.ActiveCfg = Release|Any CPU
		{7C9A7C7B-C80A-4649-B5F8-00399B595239}.Release|Any CPU.Build.0 = Release|Any CPU
	EndGlobalSection
	GlobalSection(SolutionProperties) = preSolution
		HideSolutionNode = FALSE
	EndGlobalSection
	GlobalSection(ExtensibilityGlobals) = postSolution
		SolutionGuid = {F52D7A73-2E87-4FD0-A19F-5E3412C5E768}
	EndGlobalSection
EndGlobal
